// !$*UTF8*$!
{
	archiveVersion = 1;
	classes = {
	};
	objectVersion = 46;
	objects = {

/* Begin PBXBuildFile section */
		EA1D84931C9815D400F30061 /* AppDelegate.swift in Sources */ = {isa = PBXBuildFile; fileRef = EA1D84921C9815D400F30061 /* AppDelegate.swift */; };
		EA1D84951C9815D400F30061 /* ViewController.swift in Sources */ = {isa = PBXBuildFile; fileRef = EA1D84941C9815D400F30061 /* ViewController.swift */; };
		EA1D84981C9815D400F30061 /* Main.storyboard in Resources */ = {isa = PBXBuildFile; fileRef = EA1D84961C9815D400F30061 /* Main.storyboard */; };
		EA1D849A1C9815D400F30061 /* Assets.xcassets in Resources */ = {isa = PBXBuildFile; fileRef = EA1D84991C9815D400F30061 /* Assets.xcassets */; };
		EA1D849D1C9815D400F30061 /* LaunchScreen.storyboard in Resources */ = {isa = PBXBuildFile; fileRef = EA1D849B1C9815D400F30061 /* LaunchScreen.storyboard */; };
		EA1D84A51C981B8700F30061 /* pokemon.csv in Resources */ = {isa = PBXBuildFile; fileRef = EA1D84A41C981B8700F30061 /* pokemon.csv */; };
		EA91F4291C9A4D7A00DDC2F2 /* Pokemon.swift in Sources */ = {isa = PBXBuildFile; fileRef = EA91F4281C9A4D7A00DDC2F2 /* Pokemon.swift */; };
		EA91F42C1C9A804200DDC2F2 /* PokeCell.swift in Sources */ = {isa = PBXBuildFile; fileRef = EA91F42B1C9A804200DDC2F2 /* PokeCell.swift */; };
		EA9286A71C9BA4D000D2FFFF /* csv.swift in Sources */ = {isa = PBXBuildFile; fileRef = EA9286A61C9BA4D000D2FFFF /* csv.swift */; };
		EA9286AC1C9BF41400D2FFFF /* pokemonfont.ttf in Resources */ = {isa = PBXBuildFile; fileRef = EA9286AB1C9BF41400D2FFFF /* pokemonfont.ttf */; };
		EA9286AE1C9BF92E00D2FFFF /* music.mp3 in Resources */ = {isa = PBXBuildFile; fileRef = EA9286AD1C9BF92E00D2FFFF /* music.mp3 */; };
		EA9CBE171C9D2A8700B74717 /* PokemonDetailVC.swift in Sources */ = {isa = PBXBuildFile; fileRef = EA9CBE161C9D2A8700B74717 /* PokemonDetailVC.swift */; };
/* End PBXBuildFile section */

/* Begin PBXFileReference section */
		EA1D848F1C9815D400F30061 /* pokedex.app */ = {isa = PBXFileReference; explicitFileType = wrapper.application; includeInIndex = 0; path = pokedex.app; sourceTree = BUILT_PRODUCTS_DIR; };
		EA1D84921C9815D400F30061 /* AppDelegate.swift */ = {isa = PBXFileReference; lastKnownFileType = sourcecode.swift; path = AppDelegate.swift; sourceTree = "<group>"; };
		EA1D84941C9815D400F30061 /* ViewController.swift */ = {isa = PBXFileReference; lastKnownFileType = sourcecode.swift; path = ViewController.swift; sourceTree = "<group>"; };
		EA1D84971C9815D400F30061 /* Base */ = {isa = PBXFileReference; lastKnownFileType = file.storyboard; name = Base; path = Base.lproj/Main.storyboard; sourceTree = "<group>"; };
		EA1D84991C9815D400F30061 /* Assets.xcassets */ = {isa = PBXFileReference; lastKnownFileType = folder.assetcatalog; path = Assets.xcassets; sourceTree = "<group>"; };
		EA1D849C1C9815D400F30061 /* Base */ = {isa = PBXFileReference; lastKnownFileType = file.storyboard; name = Base; path = Base.lproj/LaunchScreen.storyboard; sourceTree = "<group>"; };
		EA1D849E1C9815D400F30061 /* Info.plist */ = {isa = PBXFileReference; lastKnownFileType = text.plist.xml; path = Info.plist; sourceTree = "<group>"; };
		EA1D84A41C981B8700F30061 /* pokemon.csv */ = {isa = PBXFileReference; fileEncoding = 4; lastKnownFileType = text; path = pokemon.csv; sourceTree = "<group>"; };
		EA91F4281C9A4D7A00DDC2F2 /* Pokemon.swift */ = {isa = PBXFileReference; fileEncoding = 4; lastKnownFileType = sourcecode.swift; path = Pokemon.swift; sourceTree = "<group>"; };
		EA91F42B1C9A804200DDC2F2 /* PokeCell.swift */ = {isa = PBXFileReference; fileEncoding = 4; lastKnownFileType = sourcecode.swift; path = PokeCell.swift; sourceTree = "<group>"; };
		EA9286A61C9BA4D000D2FFFF /* csv.swift */ = {isa = PBXFileReference; fileEncoding = 4; lastKnownFileType = sourcecode.swift; path = csv.swift; sourceTree = "<group>"; };
		EA9286AB1C9BF41400D2FFFF /* pokemonfont.ttf */ = {isa = PBXFileReference; lastKnownFileType = file; path = pokemonfont.ttf; sourceTree = "<group>"; };
		EA9286AD1C9BF92E00D2FFFF /* music.mp3 */ = {isa = PBXFileReference; lastKnownFileType = audio.mp3; path = music.mp3; sourceTree = "<group>"; };
		EA9CBE161C9D2A8700B74717 /* PokemonDetailVC.swift */ = {isa = PBXFileReference; fileEncoding = 4; lastKnownFileType = sourcecode.swift; path = PokemonDetailVC.swift; sourceTree = "<group>"; };
/* End PBXFileReference section */

/* Begin PBXFrameworksBuildPhase section */
		EA1D848C1C9815D400F30061 /* Frameworks */ = {
			isa = PBXFrameworksBuildPhase;
			buildActionMask = 2147483647;
			files = (
			);
			runOnlyForDeploymentPostprocessing = 0;
		};
/* End PBXFrameworksBuildPhase section */

/* Begin PBXGroup section */
		EA1D84861C9815D300F30061 = {
			isa = PBXGroup;
			children = (
				EA1D84911C9815D400F30061 /* pokedex */,
				EA1D84901C9815D400F30061 /* Products */,
			);
			sourceTree = "<group>";
		};
		EA1D84901C9815D400F30061 /* Products */ = {
			isa = PBXGroup;
			children = (
				EA1D848F1C9815D400F30061 /* pokedex.app */,
			);
			name = Products;
			sourceTree = "<group>";
		};
		EA1D84911C9815D400F30061 /* pokedex */ = {
			isa = PBXGroup;
			children = (
				EA91F4271C9A4D6100DDC2F2 /* Model */,
				EA91F42A1C9A800F00DDC2F2 /* View */,
				EA9286A91C9BA50D00D2FFFF /* Controller */,
				EA9286A81C9BA4EB00D2FFFF /* Utilities */,
				EA9286AA1C9BA52600D2FFFF /* Resources */,
				EA1D84921C9815D400F30061 /* AppDelegate.swift */,
				EA1D84961C9815D400F30061 /* Main.storyboard */,
				EA1D84991C9815D400F30061 /* Assets.xcassets */,
				EA1D849B1C9815D400F30061 /* LaunchScreen.storyboard */,
				EA1D849E1C9815D400F30061 /* Info.plist */,
			);
			path = pokedex;
			sourceTree = "<group>";
		};
		EA91F4271C9A4D6100DDC2F2 /* Model */ = {
			isa = PBXGroup;
			children = (
				EA91F4281C9A4D7A00DDC2F2 /* Pokemon.swift */,
			);
			name = Model;
			sourceTree = "<group>";
		};
		EA91F42A1C9A800F00DDC2F2 /* View */ = {
			isa = PBXGroup;
			children = (
				EA91F42B1C9A804200DDC2F2 /* PokeCell.swift */,
			);
			name = View;
			sourceTree = "<group>";
		};
		EA9286A81C9BA4EB00D2FFFF /* Utilities */ = {
			isa = PBXGroup;
			children = (
				EA9286A61C9BA4D000D2FFFF /* csv.swift */,
			);
			name = Utilities;
			sourceTree = "<group>";
		};
		EA9286A91C9BA50D00D2FFFF /* Controller */ = {
			isa = PBXGroup;
			children = (
				EA1D84941C9815D400F30061 /* ViewController.swift */,
				EA9CBE161C9D2A8700B74717 /* PokemonDetailVC.swift */,
			);
			name = Controller;
			sourceTree = "<group>";
		};
		EA9286AA1C9BA52600D2FFFF /* Resources */ = {
			isa = PBXGroup;
			children = (
				EA1D84A41C981B8700F30061 /* pokemon.csv */,
				EA9286AB1C9BF41400D2FFFF /* pokemonfont.ttf */,
				EA9286AD1C9BF92E00D2FFFF /* music.mp3 */,
			);
			name = Resources;
			sourceTree = "<group>";
		};
/* End PBXGroup section */

/* Begin PBXNativeTarget section */
		EA1D848E1C9815D400F30061 /* pokedex */ = {
			isa = PBXNativeTarget;
			buildConfigurationList = EA1D84A11C9815D400F30061 /* Build configuration list for PBXNativeTarget "pokedex" */;
			buildPhases = (
				EA1D848B1C9815D400F30061 /* Sources */,
				EA1D848C1C9815D400F30061 /* Frameworks */,
				EA1D848D1C9815D400F30061 /* Resources */,
			);
			buildRules = (
			);
			dependencies = (
			);
			name = pokedex;
			productName = pokedex;
			productReference = EA1D848F1C9815D400F30061 /* pokedex.app */;
			productType = "com.apple.product-type.application";
		};
/* End PBXNativeTarget section */

/* Begin PBXProject section */
		EA1D84871C9815D300F30061 /* Project object */ = {
			isa = PBXProject;
			attributes = {
				LastSwiftUpdateCheck = 0710;
				LastUpgradeCheck = 0710;
				ORGANIZATIONNAME = "Marshall Cuico";
				TargetAttributes = {
					EA1D848E1C9815D400F30061 = {
						CreatedOnToolsVersion = 7.1;
						DevelopmentTeam = FCCDM24Q7W;
					};
				};
			};
			buildConfigurationList = EA1D848A1C9815D300F30061 /* Build configuration list for PBXProject "pokedex" */;
			compatibilityVersion = "Xcode 3.2";
			developmentRegion = English;
			hasScannedForEncodings = 0;
			knownRegions = (
				en,
				Base,
			);
			mainGroup = EA1D84861C9815D300F30061;
			productRefGroup = EA1D84901C9815D400F30061 /* Products */;
			projectDirPath = "";
			projectRoot = "";
			targets = (
				EA1D848E1C9815D400F30061 /* pokedex */,
			);
		};
/* End PBXProject section */

/* Begin PBXResourcesBuildPhase section */
		EA1D848D1C9815D400F30061 /* Resources */ = {
			isa = PBXResourcesBuildPhase;
			buildActionMask = 2147483647;
			files = (
				EA1D849D1C9815D400F30061 /* LaunchScreen.storyboard in Resources */,
				EA9286AC1C9BF41400D2FFFF /* pokemonfont.ttf in Resources */,
				EA9286AE1C9BF92E00D2FFFF /* music.mp3 in Resources */,
				EA1D849A1C9815D400F30061 /* Assets.xcassets in Resources */,
				EA1D84A51C981B8700F30061 /* pokemon.csv in Resources */,
				EA1D84981C9815D400F30061 /* Main.storyboard in Resources */,
			);
			runOnlyForDeploymentPostprocessing = 0;
		};
/* End PBXResourcesBuildPhase section */

/* Begin PBXSourcesBuildPhase section */
		EA1D848B1C9815D400F30061 /* Sources */ = {
			isa = PBXSourcesBuildPhase;
			buildActionMask = 2147483647;
			files = (
				EA91F42C1C9A804200DDC2F2 /* PokeCell.swift in Sources */,
				EA1D84951C9815D400F30061 /* ViewController.swift in Sources */,
				EA1D84931C9815D400F30061 /* AppDelegate.swift in Sources */,
				EA9CBE171C9D2A8700B74717 /* PokemonDetailVC.swift in Sources */,
				EA91F4291C9A4D7A00DDC2F2 /* Pokemon.swift in Sources */,
				EA9286A71C9BA4D000D2FFFF /* csv.swift in Sources */,
			);
			runOnlyForDeploymentPostprocessing = 0;
		};
/* End PBXSourcesBuildPhase section */

/* Begin PBXVariantGroup section */
		EA1D84961C9815D400F30061 /* Main.storyboard */ = {
			isa = PBXVariantGroup;
			children = (
				EA1D84971C9815D400F30061 /* Base */,
			);
			name = Main.storyboard;
			sourceTree = "<group>";
		};
		EA1D849B1C9815D400F30061 /* LaunchScreen.storyboard */ = {
			isa = PBXVariantGroup;
			children = (
				EA1D849C1C9815D400F30061 /* Base */,
			);
			name = LaunchScreen.storyboard;
			sourceTree = "<group>";
		};
/* End PBXVariantGroup section */

/* Begin XCBuildConfiguration section */
		EA1D849F1C9815D400F30061 /* Debug */ = {
			isa = XCBuildConfiguration;
			buildSettings = {
				ALWAYS_SEARCH_USER_PATHS = NO;
				CLANG_CXX_LANGUAGE_STANDARD = "gnu++0x";
				CLANG_CXX_LIBRARY = "libc++";
				CLANG_ENABLE_MODULES = YES;
				CLANG_ENABLE_OBJC_ARC = YES;
				CLANG_WARN_BOOL_CONVERSION = YES;
				CLANG_WARN_CONSTANT_CONVERSION = YES;
				CLANG_WARN_DIRECT_OBJC_ISA_USAGE = YES_ERROR;
				CLANG_WARN_EMPTY_BODY = YES;
				CLANG_WARN_ENUM_CONVERSION = YES;
				CLANG_WARN_INT_CONVERSION = YES;
				CLANG_WARN_OBJC_ROOT_CLASS = YES_ERROR;
				CLANG_WARN_UNREACHABLE_CODE = YES;
				CLANG_WARN__DUPLICATE_METHOD_MATCH = YES;
				"CODE_SIGN_IDENTITY[sdk=iphoneos*]" = "iPhone Developer";
				COPY_PHASE_STRIP = NO;
				DEBUG_INFORMATION_FORMAT = dwarf;
				ENABLE_STRICT_OBJC_MSGSEND = YES;
				ENABLE_TESTABILITY = YES;
				GCC_C_LANGUAGE_STANDARD = gnu99;
				GCC_DYNAMIC_NO_PIC = NO;
				GCC_NO_COMMON_BLOCKS = YES;
				GCC_OPTIMIZATION_LEVEL = 0;
				GCC_PREPROCESSOR_DEFINITIONS = (
					"DEBUG=1",
					"$(inherited)",
				);
				GCC_WARN_64_TO_32_BIT_CONVERSION = YES;
				GCC_WARN_ABOUT_RETURN_TYPE = YES_ERROR;
				GCC_WARN_UNDECLARED_SELECTOR = YES;
				GCC_WARN_UNINITIALIZED_AUTOS = YES_AGGRESSIVE;
				GCC_WARN_UNUSED_FUNCTION = YES;
				GCC_WARN_UNUSED_VARIABLE = YES;
				IPHONEOS_DEPLOYMENT_TARGET = 9.1;
				MTL_ENABLE_DEBUG_INFO = YES;
				ONLY_ACTIVE_ARCH = YES;
				SDKROOT = iphoneos;
				SWIFT_OPTIMIZATION_LEVEL = "-Onone";
			};
			name = Debug;
		};
		EA1D84A01C9815D400F30061 /* Release */ = {
			isa = XCBuildConfiguration;
			buildSettings = {
				ALWAYS_SEARCH_USER_PATHS = NO;
				CLANG_CXX_LANGUAGE_STANDARD = "gnu++0x";
				CLANG_CXX_LIBRARY = "libc++";
				CLANG_ENABLE_MODULES = YES;
				CLANG_ENABLE_OBJC_ARC = YES;
				CLANG_WARN_BOOL_CONVERSION = YES;
				CLANG_WARN_CONSTANT_CONVERSION = YES;
				CLANG_WARN_DIRECT_OBJC_ISA_USAGE = YES_ERROR;
				CLANG_WARN_EMPTY_BODY = YES;
				CLANG_WARN_ENUM_CONVERSION = YES;
				CLANG_WARN_INT_CONVERSION = YES;
				CLANG_WARN_OBJC_ROOT_CLASS = YES_ERROR;
				CLANG_WARN_UNREACHABLE_CODE = YES;
				CLANG_WARN__DUPLICATE_METHOD_MATCH = YES;
				"CODE_SIGN_IDENTITY[sdk=iphoneos*]" = "iPhone Developer";
				COPY_PHASE_STRIP = NO;
				DEBUG_INFORMATION_FORMAT = "dwarf-with-dsym";
				ENABLE_NS_ASSERTIONS = NO;
				ENABLE_STRICT_OBJC_MSGSEND = YES;
				GCC_C_LANGUAGE_STANDARD = gnu99;
				GCC_NO_COMMON_BLOCKS = YES;
				GCC_WARN_64_TO_32_BIT_CONVERSION = YES;
				GCC_WARN_ABOUT_RETURN_TYPE = YES_ERROR;
				GCC_WARN_UNDECLARED_SELECTOR = YES;
				GCC_WARN_UNINITIALIZED_AUTOS = YES_AGGRESSIVE;
				GCC_WARN_UNUSED_FUNCTION = YES;
				GCC_WARN_UNUSED_VARIABLE = YES;
				IPHONEOS_DEPLOYMENT_TARGET = 9.1;
				MTL_ENABLE_DEBUG_INFO = NO;
				SDKROOT = iphoneos;
				VALIDATE_PRODUCT = YES;
			};
			name = Release;
		};
		EA1D84A21C9815D400F30061 /* Debug */ = {
			isa = XCBuildConfiguration;
			buildSettings = {
				ASSETCATALOG_COMPILER_APPICON_NAME = AppIcon;
				INFOPLIST_FILE = pokedex/Info.plist;
				LD_RUNPATH_SEARCH_PATHS = "$(inherited) @executable_path/Frameworks";
				PRODUCT_BUNDLE_IDENTIFIER = com.Qweeko.pokedex;
				PRODUCT_NAME = "$(TARGET_NAME)";
			};
			name = Debug;
		};
		EA1D84A31C9815D400F30061 /* Release */ = {
			isa = XCBuildConfiguration;
			buildSettings = {
				ASSETCATALOG_COMPILER_APPICON_NAME = AppIcon;
				INFOPLIST_FILE = pokedex/Info.plist;
				LD_RUNPATH_SEARCH_PATHS = "$(inherited) @executable_path/Frameworks";
				PRODUCT_BUNDLE_IDENTIFIER = com.Qweeko.pokedex;
				PRODUCT_NAME = "$(TARGET_NAME)";
			};
			name = Release;
		};
/* End XCBuildConfiguration section */

/* Begin XCConfigurationList section */
		EA1D848A1C9815D300F30061 /* Build configuration list for PBXProject "pokedex" */ = {
			isa = XCConfigurationList;
			buildConfigurations = (
				EA1D849F1C9815D400F30061 /* Debug */,
				EA1D84A01C9815D400F30061 /* Release */,
			);
			defaultConfigurationIsVisible = 0;
			defaultConfigurationName = Release;
		};
		EA1D84A11C9815D400F30061 /* Build configuration list for PBXNativeTarget "pokedex" */ = {
			isa = XCConfigurationList;
			buildConfigurations = (
				EA1D84A21C9815D400F30061 /* Debug */,
				EA1D84A31C9815D400F30061 /* Release */,
			);
			defaultConfigurationIsVisible = 0;
			defaultConfigurationName = Release;
		};
/* End XCConfigurationList section */
	};
	rootObject = EA1D84871C9815D300F30061 /* Project object */;
}
